
Microsoft Visual Studio Solution File, Format Version 12.00
# Visual Studio Version 17
VisualStudioVersion = 17.9.34607.119
MinimumVisualStudioVersion = 10.0.40219.1
Project("{FAE04EC0-301F-11D3-BF4B-00C04F79EFBC}") = "aplikacija1", "aplikacija1\aplikacija1.csproj", "{2CB31B5A-94BA-4BAC-AF05-C49CB996FDA1}"
EndProject
Project("{FAE04EC0-301F-11D3-BF4B-00C04F79EFBC}") = "aplikacija2", "aplikacija2\aplikacija2.csproj", "{370A1441-3BB5-4CB2-A91F-77CC5F5F0772}"
EndProject
Global
	GlobalSection(SolutionConfigurationPlatforms) = preSolution
		Debug|Any CPU = Debug|Any CPU
		Release|Any CPU = Release|Any CPU
	EndGlobalSection
	GlobalSection(ProjectConfigurationPlatforms) = postSolution
		{2CB31B5A-94BA-4BAC-AF05-C49CB996FDA1}.Debug|Any CPU.ActiveCfg = Debug|Any CPU
		{2CB31B5A-94BA-4BAC-AF05-C49CB996FDA1}.Debug|Any CPU.Build.0 = Debug|Any CPU
		{2CB31B5A-94BA-4BAC-AF05-C49CB996FDA1}.Release|Any CPU.ActiveCfg = Release|Any CPU
		{2CB31B5A-94BA-4BAC-AF05-C49CB996FDA1}.Release|Any CPU.Build.0 = Release|Any CPU
		{370A1441-3BB5-4CB2-A91F-77CC5F5F0772}.Debug|Any CPU.ActiveCfg = Debug|Any CPU
		{370A1441-3BB5-4CB2-A91F-77CC5F5F0772}.Debug|Any CPU.Build.0 = Debug|Any CPU
		{370A1441-3BB5-4CB2-A91F-77CC5F5F0772}.Release|Any CPU.ActiveCfg = Release|Any CPU
		{370A1441-3BB5-4CB2-A91F-77CC5F5F0772}.Release|Any CPU.Build.0 = Release|Any CPU
	EndGlobalSection
	GlobalSection(SolutionProperties) = preSolution
		HideSolutionNode = FALSE
	EndGlobalSection
	GlobalSection(ExtensibilityGlobals) = postSolution
		SolutionGuid = {DBA43A5D-001A-4A9E-88D2-AD3D119FF22A}
	EndGlobalSection
EndGlobal
