
Microsoft Visual Studio Solution File, Format Version 12.00
# Visual Studio Version 17
VisualStudioVersion = 17.9.34607.119
MinimumVisualStudioVersion = 10.0.40219.1
Project("{FAE04EC0-301F-11D3-BF4B-00C04F79EFBC}") = "applikacija1", "applikacija1\applikacija1.csproj", "{4E065E87-61AF-4800-8502-40D52A37BFF1}"
EndProject
Project("{FAE04EC0-301F-11D3-BF4B-00C04F79EFBC}") = "ašlikacija2", "ašlikacija2\ašlikacija2.csproj", "{88F921B1-E979-4DCC-B1C2-276DF69F0D1A}"
EndProject
Global
	GlobalSection(SolutionConfigurationPlatforms) = preSolution
		Debug|Any CPU = Debug|Any CPU
		Release|Any CPU = Release|Any CPU
	EndGlobalSection
	GlobalSection(ProjectConfigurationPlatforms) = postSolution
		{4E065E87-61AF-4800-8502-40D52A37BFF1}.Debug|Any CPU.ActiveCfg = Debug|Any CPU
		{4E065E87-61AF-4800-8502-40D52A37BFF1}.Debug|Any CPU.Build.0 = Debug|Any CPU
		{4E065E87-61AF-4800-8502-40D52A37BFF1}.Release|Any CPU.ActiveCfg = Release|Any CPU
		{4E065E87-61AF-4800-8502-40D52A37BFF1}.Release|Any CPU.Build.0 = Release|Any CPU
		{88F921B1-E979-4DCC-B1C2-276DF69F0D1A}.Debug|Any CPU.ActiveCfg = Debug|Any CPU
		{88F921B1-E979-4DCC-B1C2-276DF69F0D1A}.Debug|Any CPU.Build.0 = Debug|Any CPU
		{88F921B1-E979-4DCC-B1C2-276DF69F0D1A}.Release|Any CPU.ActiveCfg = Release|Any CPU
		{88F921B1-E979-4DCC-B1C2-276DF69F0D1A}.Release|Any CPU.Build.0 = Release|Any CPU
	EndGlobalSection
	GlobalSection(SolutionProperties) = preSolution
		HideSolutionNode = FALSE
	EndGlobalSection
	GlobalSection(ExtensibilityGlobals) = postSolution
		SolutionGuid = {B5D2F53D-D726-4F09-AED5-ECC07452BA9D}
	EndGlobalSection
EndGlobal
