
Microsoft Visual Studio Solution File, Format Version 12.00
# Visual Studio Version 17
VisualStudioVersion = 17.9.34607.119
MinimumVisualStudioVersion = 10.0.40219.1
Project("{FAE04EC0-301F-11D3-BF4B-00C04F79EFBC}") = "aplikacija", "aplikacija\aplikacija.csproj", "{F7C5DDA1-A2A2-4E6F-858F-B37063E94EFC}"
EndProject
Global
	GlobalSection(SolutionConfigurationPlatforms) = preSolution
		Debug|Any CPU = Debug|Any CPU
		Release|Any CPU = Release|Any CPU
	EndGlobalSection
	GlobalSection(ProjectConfigurationPlatforms) = postSolution
		{F7C5DDA1-A2A2-4E6F-858F-B37063E94EFC}.Debug|Any CPU.ActiveCfg = Debug|Any CPU
		{F7C5DDA1-A2A2-4E6F-858F-B37063E94EFC}.Debug|Any CPU.Build.0 = Debug|Any CPU
		{F7C5DDA1-A2A2-4E6F-858F-B37063E94EFC}.Release|Any CPU.ActiveCfg = Release|Any CPU
		{F7C5DDA1-A2A2-4E6F-858F-B37063E94EFC}.Release|Any CPU.Build.0 = Release|Any CPU
	EndGlobalSection
	GlobalSection(SolutionProperties) = preSolution
		HideSolutionNode = FALSE
	EndGlobalSection
	GlobalSection(ExtensibilityGlobals) = postSolution
		SolutionGuid = {C32DA378-18AD-4450-92E6-76E0EC22A68E}
	EndGlobalSection
EndGlobal
